
Microsoft Visual Studio Solution File, Format Version 12.00
# Visual Studio Version 16
VisualStudioVersion = 16.0.31624.102
MinimumVisualStudioVersion = 10.0.40219.1
Project("{FAE04EC0-301F-11D3-BF4B-00C04F79EFBC}") = "kursOOP", "kursOOP.csproj", "{80B95FAA-E0A4-46C0-8846-6AD1DC0381B4}"
EndProject
Global
	GlobalSection(SolutionConfigurationPlatforms) = preSolution
		Debug|Any CPU = Debug|Any CPU
		Release|Any CPU = Release|Any CPU
	EndGlobalSection
	GlobalSection(ProjectConfigurationPlatforms) = postSolution
		{80B95FAA-E0A4-46C0-8846-6AD1DC0381B4}.Debug|Any CPU.ActiveCfg = Debug|Any CPU
		{80B95FAA-E0A4-46C0-8846-6AD1DC0381B4}.Debug|Any CPU.Build.0 = Debug|Any CPU
		{80B95FAA-E0A4-46C0-8846-6AD1DC0381B4}.Release|Any CPU.ActiveCfg = Release|Any CPU
		{80B95FAA-E0A4-46C0-8846-6AD1DC0381B4}.Release|Any CPU.Build.0 = Release|Any CPU
	EndGlobalSection
	GlobalSection(SolutionProperties) = preSolution
		HideSolutionNode = FALSE
	EndGlobalSection
	GlobalSection(ExtensibilityGlobals) = postSolution
		SolutionGuid = {62923225-393B-4D3C-968F-7E478290E226}
	EndGlobalSection
EndGlobal
